{
  "name": "tests1",
  "version": "1.0.0",
  "lockfileVersion": 3,
  "requires": true,
  "packages": {
    "": {
      "name": "tests1",
      "version": "1.0.0",
      "license": "ISC",
      "devDependencies": {
        "@playwright/test": "^1.44.0"
      }
    },
    "node_modules/@playwright/test": {
      "version": "1.44.1",
      "resolved": "https://phx-nexus-proxy.internal.salesforce.com/nexus/content/groups/npm-all/@playwright/test/-/test-1.44.1.tgz",
      "integrity": "sha1-zIdOwxNCR5rZmDgEDpm19gQpm8s=",
      "dev": true,
      "dependencies": {
        "playwright": "1.44.1"
      },
      "bin": {
        "playwright": "cli.js"
      },
      "engines": {
        "node": ">=16"
      }
    },
    "node_modules/fsevents": {
      "version": "2.3.2",
      "resolved": "https://phx-nexus-proxy.internal.salesforce.com/nexus/content/groups/npm-all/fsevents/-/fsevents-2.3.2.tgz",
      "integrity": "sha1-ilJveLj99GI7cJ4Ll1xSwkwC/Ro=",
      "dev": true,
      "optional": true,
      "engines": {
        "node": "^8.16.0 || ^10.6.0 || >=11.0.0"
      }
    },
    "node_modules/playwright": {
      "version": "1.44.1",
      "resolved": "https://phx-nexus-proxy.internal.salesforce.com/nexus/content/groups/npm-all/playwright/-/playwright-1.44.1.tgz",
      "integrity": "sha1-VjQ2nXdxEcHuqRgEMLehhAKOeJI=",
      "dev": true,
      "dependencies": {
        "playwright-core": "1.44.1"
      },
      "bin": {
        "playwright": "cli.js"
      },
      "engines": {
        "node": ">=16"
      },
      "optionalDependencies": {
        "fsevents": "2.3.2"
      }
    },
    "node_modules/playwright-core": {
      "version": "1.44.1",
      "resolved": "https://phx-nexus-proxy.internal.salesforce.com/nexus/content/groups/npm-all/playwright-core/-/playwright-core-1.44.1.tgz",
      "integrity": "sha1-U+yXVQO3Y69vwaeqmV80vAn/RHw=",
      "dev": true,
      "bin": {
        "playwright-core": "cli.js"
      },
      "engines": {
        "node": ">=16"
      }
    }
  }
}
